
Microsoft Visual Studio Solution File, Format Version 12.00
# Visual Studio 2013
VisualStudioVersion = 12.0.30723.0
MinimumVisualStudioVersion = 10.0.40219.1
Project("{FAE04EC0-301F-11D3-BF4B-00C04F79EFBC}") = "Lab1", "Lab1.csproj", "{913E1B17-CC3A-46C7-BC10-12A4AFC60428}"
EndProject
Project("{2150E333-8FDC-42A3-9474-1A3956D46DE8}") = "Solution Items", "Solution Items", "{6592D690-717C-48A2-ACE6-D270ECB17FB9}"
	ProjectSection(SolutionItems) = preProject
		..\Dataset\0005_gs.xml = ..\Dataset\0005_gs.xml
		..\Dataset\0006_gs.xml = ..\Dataset\0006_gs.xml
		..\Dataset\0018_gs.xml = ..\Dataset\0018_gs.xml
		..\Dataset\0022_gs.xml = ..\Dataset\0022_gs.xml
	EndProjectSection
EndProject
Global
	GlobalSection(SolutionConfigurationPlatforms) = preSolution
		Debug|Any CPU = Debug|Any CPU
		Release|Any CPU = Release|Any CPU
	EndGlobalSection
	GlobalSection(ProjectConfigurationPlatforms) = postSolution
		{913E1B17-CC3A-46C7-BC10-12A4AFC60428}.Debug|Any CPU.ActiveCfg = Debug|Any CPU
		{913E1B17-CC3A-46C7-BC10-12A4AFC60428}.Debug|Any CPU.Build.0 = Debug|Any CPU
		{913E1B17-CC3A-46C7-BC10-12A4AFC60428}.Release|Any CPU.ActiveCfg = Release|Any CPU
		{913E1B17-CC3A-46C7-BC10-12A4AFC60428}.Release|Any CPU.Build.0 = Release|Any CPU
	EndGlobalSection
	GlobalSection(SolutionProperties) = preSolution
		HideSolutionNode = FALSE
	EndGlobalSection
EndGlobal
